
Microsoft Visual Studio Solution File, Format Version 12.00
# Visual Studio Version 17
VisualStudioVersion = 17.0.32126.317
MinimumVisualStudioVersion = 10.0.40219.1
Project("{9A19103F-16F7-4668-BE54-9A1E7A4F7556}") = "Services", "Services\Services.csproj", "{60FFDE71-6F00-43E2-8512-7571FDBABA74}"
EndProject
Project("{2150E333-8FDC-42A3-9474-1A3956D46DE8}") = "05. Repository", "05. Repository", "{9AAB37C0-D056-42B8-83A2-A71218F81CA9}"
EndProject
Project("{9A19103F-16F7-4668-BE54-9A1E7A4F7556}") = "Repository.Queries", "Repository.SqlServer\Repository.Queries.csproj", "{D4DC7EF9-72E6-4230-8FFF-377C69C4A6B7}"
EndProject
Project("{9A19103F-16F7-4668-BE54-9A1E7A4F7556}") = "Repository.Interfaces", "Repository.Interfaces\Repository.Interfaces.csproj", "{5325D37E-3C16-4430-B67B-4007F00D7BF8}"
EndProject
Project("{2150E333-8FDC-42A3-9474-1A3956D46DE8}") = "03. Services", "03. Services", "{26CCF752-8CD3-405A-9312-BFD780B652F3}"
EndProject
Project("{2150E333-8FDC-42A3-9474-1A3956D46DE8}") = "04. UnitOfWork", "04. UnitOfWork", "{C3167031-F4FC-483F-A402-233FC244B4E2}"
EndProject
Project("{2150E333-8FDC-42A3-9474-1A3956D46DE8}") = "06. Common", "06. Common", "{F2101344-378F-4E32-BD2F-6E7D6C32789A}"
EndProject
Project("{2150E333-8FDC-42A3-9474-1A3956D46DE8}") = "02. Models", "02. Models", "{117FCB59-28D4-48A8-922A-4E471F305132}"
EndProject
Project("{2150E333-8FDC-42A3-9474-1A3956D46DE8}") = "01. Clients", "01. Clients", "{623CFCE7-7C7C-41AC-AE41-7A3141FD48FD}"
EndProject
Project("{9A19103F-16F7-4668-BE54-9A1E7A4F7556}") = "UnitOfWork.Interfaces", "UnitOfWork.Interfaces\UnitOfWork.Interfaces.csproj", "{5D788737-1840-4592-A3EE-64F598CF8FA2}"
EndProject
Project("{9A19103F-16F7-4668-BE54-9A1E7A4F7556}") = "UnitOfWork.SqlServer", "UnitOfWork.SqlServer\UnitOfWork.SqlServer.csproj", "{4B4A08CA-A785-41C5-A2ED-815BE2418BDC}"
EndProject
Project("{9A19103F-16F7-4668-BE54-9A1E7A4F7556}") = "Models", "Models\Models.csproj", "{ACC6D92D-1226-4B1C-9E8F-418CD9E507CF}"
EndProject
Project("{9A19103F-16F7-4668-BE54-9A1E7A4F7556}") = "Common", "Common\Common.csproj", "{D21865DE-EF70-40C6-877E-FF9DCB465197}"
EndProject
Project("{9A19103F-16F7-4668-BE54-9A1E7A4F7556}") = "Services.Interfaces", "Services.Interfaces\Services.Interfaces.csproj", "{FDE5E9A4-6C9B-44D4-BF30-CB182DD3F068}"
EndProject
Project("{9A19103F-16F7-4668-BE54-9A1E7A4F7556}") = "test-api", "test-api\test-api.csproj", "{0CE437DC-92EA-4827-AEC2-025CB534E4AD}"
EndProject
Project("{2150E333-8FDC-42A3-9474-1A3956D46DE8}") = "07.Test", "07.Test", "{AB5A5BB3-F70B-4A56-BD45-75FC881CC2B2}"
EndProject
Project("{9A19103F-16F7-4668-BE54-9A1E7A4F7556}") = "back-test", "Test\back-test.csproj", "{82D3248A-1325-4037-90F9-79898C7CB4C9}"
EndProject
Project("{FAE04EC0-301F-11D3-BF4B-00C04F79EFBC}") = "Repository.Entity", "Repository.Entity\Repository.Entity.csproj", "{29EB957E-7C71-4F11-BEDD-E23046D9F807}"
EndProject
Global
	GlobalSection(SolutionConfigurationPlatforms) = preSolution
		Debug|Any CPU = Debug|Any CPU
		Release|Any CPU = Release|Any CPU
	EndGlobalSection
	GlobalSection(ProjectConfigurationPlatforms) = postSolution
		{60FFDE71-6F00-43E2-8512-7571FDBABA74}.Debug|Any CPU.ActiveCfg = Debug|Any CPU
		{60FFDE71-6F00-43E2-8512-7571FDBABA74}.Debug|Any CPU.Build.0 = Debug|Any CPU
		{60FFDE71-6F00-43E2-8512-7571FDBABA74}.Release|Any CPU.ActiveCfg = Release|Any CPU
		{60FFDE71-6F00-43E2-8512-7571FDBABA74}.Release|Any CPU.Build.0 = Release|Any CPU
		{D4DC7EF9-72E6-4230-8FFF-377C69C4A6B7}.Debug|Any CPU.ActiveCfg = Debug|Any CPU
		{D4DC7EF9-72E6-4230-8FFF-377C69C4A6B7}.Debug|Any CPU.Build.0 = Debug|Any CPU
		{D4DC7EF9-72E6-4230-8FFF-377C69C4A6B7}.Release|Any CPU.ActiveCfg = Release|Any CPU
		{D4DC7EF9-72E6-4230-8FFF-377C69C4A6B7}.Release|Any CPU.Build.0 = Release|Any CPU
		{5325D37E-3C16-4430-B67B-4007F00D7BF8}.Debug|Any CPU.ActiveCfg = Debug|Any CPU
		{5325D37E-3C16-4430-B67B-4007F00D7BF8}.Debug|Any CPU.Build.0 = Debug|Any CPU
		{5325D37E-3C16-4430-B67B-4007F00D7BF8}.Release|Any CPU.ActiveCfg = Release|Any CPU
		{5325D37E-3C16-4430-B67B-4007F00D7BF8}.Release|Any CPU.Build.0 = Release|Any CPU
		{5D788737-1840-4592-A3EE-64F598CF8FA2}.Debug|Any CPU.ActiveCfg = Debug|Any CPU
		{5D788737-1840-4592-A3EE-64F598CF8FA2}.Debug|Any CPU.Build.0 = Debug|Any CPU
		{5D788737-1840-4592-A3EE-64F598CF8FA2}.Release|Any CPU.ActiveCfg = Release|Any CPU
		{5D788737-1840-4592-A3EE-64F598CF8FA2}.Release|Any CPU.Build.0 = Release|Any CPU
		{4B4A08CA-A785-41C5-A2ED-815BE2418BDC}.Debug|Any CPU.ActiveCfg = Debug|Any CPU
		{4B4A08CA-A785-41C5-A2ED-815BE2418BDC}.Debug|Any CPU.Build.0 = Debug|Any CPU
		{4B4A08CA-A785-41C5-A2ED-815BE2418BDC}.Release|Any CPU.ActiveCfg = Release|Any CPU
		{4B4A08CA-A785-41C5-A2ED-815BE2418BDC}.Release|Any CPU.Build.0 = Release|Any CPU
		{ACC6D92D-1226-4B1C-9E8F-418CD9E507CF}.Debug|Any CPU.ActiveCfg = Debug|Any CPU
		{ACC6D92D-1226-4B1C-9E8F-418CD9E507CF}.Debug|Any CPU.Build.0 = Debug|Any CPU
		{ACC6D92D-1226-4B1C-9E8F-418CD9E507CF}.Release|Any CPU.ActiveCfg = Release|Any CPU
		{ACC6D92D-1226-4B1C-9E8F-418CD9E507CF}.Release|Any CPU.Build.0 = Release|Any CPU
		{D21865DE-EF70-40C6-877E-FF9DCB465197}.Debug|Any CPU.ActiveCfg = Debug|Any CPU
		{D21865DE-EF70-40C6-877E-FF9DCB465197}.Debug|Any CPU.Build.0 = Debug|Any CPU
		{D21865DE-EF70-40C6-877E-FF9DCB465197}.Release|Any CPU.ActiveCfg = Release|Any CPU
		{D21865DE-EF70-40C6-877E-FF9DCB465197}.Release|Any CPU.Build.0 = Release|Any CPU
		{FDE5E9A4-6C9B-44D4-BF30-CB182DD3F068}.Debug|Any CPU.ActiveCfg = Debug|Any CPU
		{FDE5E9A4-6C9B-44D4-BF30-CB182DD3F068}.Debug|Any CPU.Build.0 = Debug|Any CPU
		{FDE5E9A4-6C9B-44D4-BF30-CB182DD3F068}.Release|Any CPU.ActiveCfg = Release|Any CPU
		{FDE5E9A4-6C9B-44D4-BF30-CB182DD3F068}.Release|Any CPU.Build.0 = Release|Any CPU
		{0CE437DC-92EA-4827-AEC2-025CB534E4AD}.Debug|Any CPU.ActiveCfg = Debug|Any CPU
		{0CE437DC-92EA-4827-AEC2-025CB534E4AD}.Debug|Any CPU.Build.0 = Debug|Any CPU
		{0CE437DC-92EA-4827-AEC2-025CB534E4AD}.Release|Any CPU.ActiveCfg = Release|Any CPU
		{0CE437DC-92EA-4827-AEC2-025CB534E4AD}.Release|Any CPU.Build.0 = Release|Any CPU
		{82D3248A-1325-4037-90F9-79898C7CB4C9}.Debug|Any CPU.ActiveCfg = Debug|Any CPU
		{82D3248A-1325-4037-90F9-79898C7CB4C9}.Debug|Any CPU.Build.0 = Debug|Any CPU
		{82D3248A-1325-4037-90F9-79898C7CB4C9}.Release|Any CPU.ActiveCfg = Release|Any CPU
		{82D3248A-1325-4037-90F9-79898C7CB4C9}.Release|Any CPU.Build.0 = Release|Any CPU
		{29EB957E-7C71-4F11-BEDD-E23046D9F807}.Debug|Any CPU.ActiveCfg = Debug|Any CPU
		{29EB957E-7C71-4F11-BEDD-E23046D9F807}.Debug|Any CPU.Build.0 = Debug|Any CPU
		{29EB957E-7C71-4F11-BEDD-E23046D9F807}.Release|Any CPU.ActiveCfg = Release|Any CPU
		{29EB957E-7C71-4F11-BEDD-E23046D9F807}.Release|Any CPU.Build.0 = Release|Any CPU
	EndGlobalSection
	GlobalSection(SolutionProperties) = preSolution
		HideSolutionNode = FALSE
	EndGlobalSection
	GlobalSection(NestedProjects) = preSolution
		{60FFDE71-6F00-43E2-8512-7571FDBABA74} = {26CCF752-8CD3-405A-9312-BFD780B652F3}
		{D4DC7EF9-72E6-4230-8FFF-377C69C4A6B7} = {9AAB37C0-D056-42B8-83A2-A71218F81CA9}
		{5325D37E-3C16-4430-B67B-4007F00D7BF8} = {9AAB37C0-D056-42B8-83A2-A71218F81CA9}
		{5D788737-1840-4592-A3EE-64F598CF8FA2} = {C3167031-F4FC-483F-A402-233FC244B4E2}
		{4B4A08CA-A785-41C5-A2ED-815BE2418BDC} = {C3167031-F4FC-483F-A402-233FC244B4E2}
		{ACC6D92D-1226-4B1C-9E8F-418CD9E507CF} = {117FCB59-28D4-48A8-922A-4E471F305132}
		{D21865DE-EF70-40C6-877E-FF9DCB465197} = {F2101344-378F-4E32-BD2F-6E7D6C32789A}
		{FDE5E9A4-6C9B-44D4-BF30-CB182DD3F068} = {26CCF752-8CD3-405A-9312-BFD780B652F3}
		{0CE437DC-92EA-4827-AEC2-025CB534E4AD} = {623CFCE7-7C7C-41AC-AE41-7A3141FD48FD}
		{82D3248A-1325-4037-90F9-79898C7CB4C9} = {AB5A5BB3-F70B-4A56-BD45-75FC881CC2B2}
		{29EB957E-7C71-4F11-BEDD-E23046D9F807} = {9AAB37C0-D056-42B8-83A2-A71218F81CA9}
	EndGlobalSection
	GlobalSection(ExtensibilityGlobals) = postSolution
		SolutionGuid = {E4BBCEDB-074A-421B-91EF-4DB62D10E7C0}
	EndGlobalSection
EndGlobal
